
Microsoft Visual Studio Solution File, Format Version 12.00
# Visual Studio 15
VisualStudioVersion = 15.0.28307.329
MinimumVisualStudioVersion = 10.0.40219.1
Project("{9A19103F-16F7-4668-BE54-9A1E7A4F7556}") = "Benchmarks", "RealTime\Benchmarks.csproj", "{6831825C-A1C9-46BA-A87C-F139CB7AA32A}"
EndProject
Project("{9A19103F-16F7-4668-BE54-9A1E7A4F7556}") = "MemoryUnitTest", "MemoryUnitTest\MemoryUnitTest.csproj", "{CB9ACB32-4337-4AE3-81CF-FB30D75D2C4B}"
EndProject
Project("{FAE04EC0-301F-11D3-BF4B-00C04F79EFBC}") = "LegCounterService", "LegCounterService\LegCounterService.csproj", "{166AD92F-6D54-4942-BFDC-1FD8CB873679}"
EndProject
Global
	GlobalSection(SolutionConfigurationPlatforms) = preSolution
		Debug|Any CPU = Debug|Any CPU
		Release|Any CPU = Release|Any CPU
	EndGlobalSection
	GlobalSection(ProjectConfigurationPlatforms) = postSolution
		{6831825C-A1C9-46BA-A87C-F139CB7AA32A}.Debug|Any CPU.ActiveCfg = Debug|Any CPU
		{6831825C-A1C9-46BA-A87C-F139CB7AA32A}.Debug|Any CPU.Build.0 = Debug|Any CPU
		{6831825C-A1C9-46BA-A87C-F139CB7AA32A}.Release|Any CPU.ActiveCfg = Release|Any CPU
		{6831825C-A1C9-46BA-A87C-F139CB7AA32A}.Release|Any CPU.Build.0 = Release|Any CPU
		{CB9ACB32-4337-4AE3-81CF-FB30D75D2C4B}.Debug|Any CPU.ActiveCfg = Debug|Any CPU
		{CB9ACB32-4337-4AE3-81CF-FB30D75D2C4B}.Debug|Any CPU.Build.0 = Debug|Any CPU
		{CB9ACB32-4337-4AE3-81CF-FB30D75D2C4B}.Release|Any CPU.ActiveCfg = Release|Any CPU
		{CB9ACB32-4337-4AE3-81CF-FB30D75D2C4B}.Release|Any CPU.Build.0 = Release|Any CPU
		{166AD92F-6D54-4942-BFDC-1FD8CB873679}.Debug|Any CPU.ActiveCfg = Debug|Any CPU
		{166AD92F-6D54-4942-BFDC-1FD8CB873679}.Debug|Any CPU.Build.0 = Debug|Any CPU
		{166AD92F-6D54-4942-BFDC-1FD8CB873679}.Release|Any CPU.ActiveCfg = Release|Any CPU
		{166AD92F-6D54-4942-BFDC-1FD8CB873679}.Release|Any CPU.Build.0 = Release|Any CPU
	EndGlobalSection
	GlobalSection(SolutionProperties) = preSolution
		HideSolutionNode = FALSE
	EndGlobalSection
	GlobalSection(ExtensibilityGlobals) = postSolution
		SolutionGuid = {F6BD3167-7C1E-49B0-AEBC-50D0A7D97A0A}
	EndGlobalSection
EndGlobal
