
Microsoft Visual Studio Solution File, Format Version 12.00
# Visual Studio Version 16
VisualStudioVersion = 16.0.28606.126
MinimumVisualStudioVersion = 10.0.40219.1
Project("{FAE04EC0-301F-11D3-BF4B-00C04F79EFBC}") = "RealTime", "RealTime\RealTime.csproj", "{6831825C-A1C9-46BA-A87C-F139CB7AA32A}"
EndProject
Global
	GlobalSection(SolutionConfigurationPlatforms) = preSolution
		Debug|Any CPU = Debug|Any CPU
		Release|Any CPU = Release|Any CPU
	EndGlobalSection
	GlobalSection(ProjectConfigurationPlatforms) = postSolution
		{6831825C-A1C9-46BA-A87C-F139CB7AA32A}.Debug|Any CPU.ActiveCfg = Debug|Any CPU
		{6831825C-A1C9-46BA-A87C-F139CB7AA32A}.Debug|Any CPU.Build.0 = Debug|Any CPU
		{6831825C-A1C9-46BA-A87C-F139CB7AA32A}.Release|Any CPU.ActiveCfg = Release|Any CPU
		{6831825C-A1C9-46BA-A87C-F139CB7AA32A}.Release|Any CPU.Build.0 = Release|Any CPU
	EndGlobalSection
	GlobalSection(SolutionProperties) = preSolution
		HideSolutionNode = FALSE
	EndGlobalSection
	GlobalSection(ExtensibilityGlobals) = postSolution
		SolutionGuid = {F6BD3167-7C1E-49B0-AEBC-50D0A7D97A0A}
	EndGlobalSection
EndGlobal
